// !$*UTF8*$!
{
	archiveVersion = 1;
	classes = {
	};
	objectVersion = 50;
	objects = {

/* Begin PBXBuildFile section */
		2B675E59222E1A51001EAF18 /* game.cpp in Sources */ = {isa = PBXBuildFile; fileRef = 2B675E57222E1A51001EAF18 /* game.cpp */; };
		2B6C986522567EFF004D3749 /* main.cpp in Sources */ = {isa = PBXBuildFile; fileRef = 2B6C986422567EFF004D3749 /* main.cpp */; };
		2B6C986E22567FFA004D3749 /* libsfml-audio.2.5.1.dylib in Frameworks */ = {isa = PBXBuildFile; fileRef = 2BC14F54222B3290007CC404 /* libsfml-audio.2.5.1.dylib */; };
		2B6C986F22567FFA004D3749 /* libsfml-graphics.2.5.1.dylib in Frameworks */ = {isa = PBXBuildFile; fileRef = 2BC14F55222B3290007CC404 /* libsfml-graphics.2.5.1.dylib */; };
		2B6C987022567FFA004D3749 /* libsfml-network.2.5.1.dylib in Frameworks */ = {isa = PBXBuildFile; fileRef = 2BBAFF1B223ACF1600B317EE /* libsfml-network.2.5.1.dylib */; };
		2B6C987122567FFA004D3749 /* libsfml-system.2.5.1.dylib in Frameworks */ = {isa = PBXBuildFile; fileRef = 2BC14F52222B3290007CC404 /* libsfml-system.2.5.1.dylib */; };
		2B6C987222567FFA004D3749 /* libsfml-window.2.5.1.dylib in Frameworks */ = {isa = PBXBuildFile; fileRef = 2BC14F53222B3290007CC404 /* libsfml-window.2.5.1.dylib */; };
		2BBAFF1D223AD0D100B317EE /* libsfml-audio.2.5.1.dylib in Frameworks */ = {isa = PBXBuildFile; fileRef = 2BC14F54222B3290007CC404 /* libsfml-audio.2.5.1.dylib */; };
		2BBAFF1E223AD0D100B317EE /* libsfml-graphics.2.5.1.dylib in Frameworks */ = {isa = PBXBuildFile; fileRef = 2BC14F55222B3290007CC404 /* libsfml-graphics.2.5.1.dylib */; };
		2BBAFF1F223AD0D100B317EE /* libsfml-network.2.5.1.dylib in Frameworks */ = {isa = PBXBuildFile; fileRef = 2BBAFF1B223ACF1600B317EE /* libsfml-network.2.5.1.dylib */; };
		2BBAFF20223AD0D100B317EE /* libsfml-system.2.5.1.dylib in Frameworks */ = {isa = PBXBuildFile; fileRef = 2BC14F52222B3290007CC404 /* libsfml-system.2.5.1.dylib */; };
		2BBAFF21223AD0D100B317EE /* libsfml-window.2.5.1.dylib in Frameworks */ = {isa = PBXBuildFile; fileRef = 2BC14F53222B3290007CC404 /* libsfml-window.2.5.1.dylib */; };
		2BC14F4B222B31CA007CC404 /* main.cpp in Sources */ = {isa = PBXBuildFile; fileRef = 2BC14F4A222B31CA007CC404 /* main.cpp */; };
		2BC14F80222C62A9007CC404 /* blackjack.cpp in Sources */ = {isa = PBXBuildFile; fileRef = 2BC14F7E222C62A9007CC404 /* blackjack.cpp */; };
		2BDEAB64222EAF12001B8D83 /* Resources in CopyFiles */ = {isa = PBXBuildFile; fileRef = 2BC14F73222C3902007CC404 /* Resources */; };
/* End PBXBuildFile section */

/* Begin PBXCopyFilesBuildPhase section */
		2B6C986022567EFF004D3749 /* CopyFiles */ = {
			isa = PBXCopyFilesBuildPhase;
			buildActionMask = 2147483647;
			dstPath = /usr/share/man/man1/;
			dstSubfolderSpec = 0;
			files = (
			);
			runOnlyForDeploymentPostprocessing = 1;
		};
		2BC14F71222C386F007CC404 /* CopyFiles */ = {
			isa = PBXCopyFilesBuildPhase;
			buildActionMask = 2147483647;
			dstPath = "";
			dstSubfolderSpec = 7;
			files = (
				2BDEAB64222EAF12001B8D83 /* Resources in CopyFiles */,
			);
			runOnlyForDeploymentPostprocessing = 0;
		};
/* End PBXCopyFilesBuildPhase section */

/* Begin PBXFileReference section */
		2B675E57222E1A51001EAF18 /* game.cpp */ = {isa = PBXFileReference; lastKnownFileType = sourcecode.cpp.cpp; path = game.cpp; sourceTree = "<group>"; };
		2B675E58222E1A51001EAF18 /* game.hpp */ = {isa = PBXFileReference; lastKnownFileType = sourcecode.cpp.h; path = game.hpp; sourceTree = "<group>"; };
		2B6C986222567EFF004D3749 /* BlackjackMX_Server */ = {isa = PBXFileReference; explicitFileType = "compiled.mach-o.executable"; includeInIndex = 0; path = BlackjackMX_Server; sourceTree = BUILT_PRODUCTS_DIR; };
		2B6C986422567EFF004D3749 /* main.cpp */ = {isa = PBXFileReference; lastKnownFileType = sourcecode.cpp.cpp; path = main.cpp; sourceTree = "<group>"; };
		2B6C9873225680AE004D3749 /* sfml-network.framework */ = {isa = PBXFileReference; lastKnownFileType = wrapper.framework; name = "sfml-network.framework"; path = "Libraries/SFML/Frameworks/sfml-network.framework"; sourceTree = "<group>"; };
		2BBAFF1B223ACF1600B317EE /* libsfml-network.2.5.1.dylib */ = {isa = PBXFileReference; lastKnownFileType = "compiled.mach-o.dylib"; name = "libsfml-network.2.5.1.dylib"; path = "Libraries/SFML/lib/libsfml-network.2.5.1.dylib"; sourceTree = "<group>"; };
		2BC14F47222B31CA007CC404 /* BlackjackMX */ = {isa = PBXFileReference; explicitFileType = "compiled.mach-o.executable"; includeInIndex = 0; path = BlackjackMX; sourceTree = BUILT_PRODUCTS_DIR; };
		2BC14F4A222B31CA007CC404 /* main.cpp */ = {isa = PBXFileReference; lastKnownFileType = sourcecode.cpp.cpp; path = main.cpp; sourceTree = "<group>"; };
		2BC14F52222B3290007CC404 /* libsfml-system.2.5.1.dylib */ = {isa = PBXFileReference; lastKnownFileType = "compiled.mach-o.dylib"; name = "libsfml-system.2.5.1.dylib"; path = "Libraries/SFML/lib/libsfml-system.2.5.1.dylib"; sourceTree = "<group>"; };
		2BC14F53222B3290007CC404 /* libsfml-window.2.5.1.dylib */ = {isa = PBXFileReference; lastKnownFileType = "compiled.mach-o.dylib"; name = "libsfml-window.2.5.1.dylib"; path = "Libraries/SFML/lib/libsfml-window.2.5.1.dylib"; sourceTree = "<group>"; };
		2BC14F54222B3290007CC404 /* libsfml-audio.2.5.1.dylib */ = {isa = PBXFileReference; lastKnownFileType = "compiled.mach-o.dylib"; name = "libsfml-audio.2.5.1.dylib"; path = "Libraries/SFML/lib/libsfml-audio.2.5.1.dylib"; sourceTree = "<group>"; };
		2BC14F55222B3290007CC404 /* libsfml-graphics.2.5.1.dylib */ = {isa = PBXFileReference; lastKnownFileType = "compiled.mach-o.dylib"; name = "libsfml-graphics.2.5.1.dylib"; path = "Libraries/SFML/lib/libsfml-graphics.2.5.1.dylib"; sourceTree = "<group>"; };
		2BC14F73222C3902007CC404 /* Resources */ = {isa = PBXFileReference; lastKnownFileType = folder; path = Resources; sourceTree = "<group>"; };
		2BC14F7E222C62A9007CC404 /* blackjack.cpp */ = {isa = PBXFileReference; lastKnownFileType = sourcecode.cpp.cpp; path = blackjack.cpp; sourceTree = "<group>"; };
		2BC14F7F222C62A9007CC404 /* blackjack.hpp */ = {isa = PBXFileReference; lastKnownFileType = sourcecode.cpp.h; path = blackjack.hpp; sourceTree = "<group>"; };
		2BC14F82222C7234007CC404 /* DEFINITIONS.hpp */ = {isa = PBXFileReference; lastKnownFileType = sourcecode.cpp.h; path = DEFINITIONS.hpp; sourceTree = "<group>"; };
/* End PBXFileReference section */

/* Begin PBXFrameworksBuildPhase section */
		2B6C985F22567EFF004D3749 /* Frameworks */ = {
			isa = PBXFrameworksBuildPhase;
			buildActionMask = 2147483647;
			files = (
				2B6C986E22567FFA004D3749 /* libsfml-audio.2.5.1.dylib in Frameworks */,
				2B6C986F22567FFA004D3749 /* libsfml-graphics.2.5.1.dylib in Frameworks */,
				2B6C987022567FFA004D3749 /* libsfml-network.2.5.1.dylib in Frameworks */,
				2B6C987122567FFA004D3749 /* libsfml-system.2.5.1.dylib in Frameworks */,
				2B6C987222567FFA004D3749 /* libsfml-window.2.5.1.dylib in Frameworks */,
			);
			runOnlyForDeploymentPostprocessing = 0;
		};
		2BC14F44222B31CA007CC404 /* Frameworks */ = {
			isa = PBXFrameworksBuildPhase;
			buildActionMask = 2147483647;
			files = (
				2BBAFF1D223AD0D100B317EE /* libsfml-audio.2.5.1.dylib in Frameworks */,
				2BBAFF1E223AD0D100B317EE /* libsfml-graphics.2.5.1.dylib in Frameworks */,
				2BBAFF1F223AD0D100B317EE /* libsfml-network.2.5.1.dylib in Frameworks */,
				2BBAFF20223AD0D100B317EE /* libsfml-system.2.5.1.dylib in Frameworks */,
				2BBAFF21223AD0D100B317EE /* libsfml-window.2.5.1.dylib in Frameworks */,
			);
			runOnlyForDeploymentPostprocessing = 0;
		};
/* End PBXFrameworksBuildPhase section */

/* Begin PBXGroup section */
		2B6C986322567EFF004D3749 /* BlackjackMX_Server */ = {
			isa = PBXGroup;
			children = (
				2B6C986422567EFF004D3749 /* main.cpp */,
			);
			path = BlackjackMX_Server;
			sourceTree = "<group>";
		};
		2BC14F3E222B31CA007CC404 = {
			isa = PBXGroup;
			children = (
				2BC14F49222B31CA007CC404 /* BlackjackMX */,
				2B6C986322567EFF004D3749 /* BlackjackMX_Server */,
				2BC14F48222B31CA007CC404 /* Products */,
				2BC14F51222B3290007CC404 /* Frameworks */,
			);
			sourceTree = "<group>";
		};
		2BC14F48222B31CA007CC404 /* Products */ = {
			isa = PBXGroup;
			children = (
				2BC14F47222B31CA007CC404 /* BlackjackMX */,
				2B6C986222567EFF004D3749 /* BlackjackMX_Server */,
			);
			name = Products;
			sourceTree = "<group>";
		};
		2BC14F49222B31CA007CC404 /* BlackjackMX */ = {
			isa = PBXGroup;
			children = (
				2BC14F73222C3902007CC404 /* Resources */,
				2BC14F4A222B31CA007CC404 /* main.cpp */,
				2BC14F7E222C62A9007CC404 /* blackjack.cpp */,
				2B675E57222E1A51001EAF18 /* game.cpp */,
				2B675E58222E1A51001EAF18 /* game.hpp */,
				2BC14F7F222C62A9007CC404 /* blackjack.hpp */,
				2BC14F82222C7234007CC404 /* DEFINITIONS.hpp */,
			);
			path = BlackjackMX;
			sourceTree = "<group>";
		};
		2BC14F51222B3290007CC404 /* Frameworks */ = {
			isa = PBXGroup;
			children = (
				2B6C9873225680AE004D3749 /* sfml-network.framework */,
				2BBAFF1B223ACF1600B317EE /* libsfml-network.2.5.1.dylib */,
				2BC14F54222B3290007CC404 /* libsfml-audio.2.5.1.dylib */,
				2BC14F55222B3290007CC404 /* libsfml-graphics.2.5.1.dylib */,
				2BC14F52222B3290007CC404 /* libsfml-system.2.5.1.dylib */,
				2BC14F53222B3290007CC404 /* libsfml-window.2.5.1.dylib */,
			);
			name = Frameworks;
			sourceTree = "<group>";
		};
/* End PBXGroup section */

/* Begin PBXNativeTarget section */
		2B6C986122567EFF004D3749 /* BlackjackMX_Server */ = {
			isa = PBXNativeTarget;
			buildConfigurationList = 2B6C986822567EFF004D3749 /* Build configuration list for PBXNativeTarget "BlackjackMX_Server" */;
			buildPhases = (
				2B6C985E22567EFF004D3749 /* Sources */,
				2B6C985F22567EFF004D3749 /* Frameworks */,
				2B6C986022567EFF004D3749 /* CopyFiles */,
			);
			buildRules = (
			);
			dependencies = (
			);
			name = BlackjackMX_Server;
			productName = BlackjackMX_Server;
			productReference = 2B6C986222567EFF004D3749 /* BlackjackMX_Server */;
			productType = "com.apple.product-type.tool";
		};
		2BC14F46222B31CA007CC404 /* BlackjackMX */ = {
			isa = PBXNativeTarget;
			buildConfigurationList = 2BC14F4E222B31CA007CC404 /* Build configuration list for PBXNativeTarget "BlackjackMX" */;
			buildPhases = (
				2BC14F43222B31CA007CC404 /* Sources */,
				2BC14F44222B31CA007CC404 /* Frameworks */,
				2BC14F71222C386F007CC404 /* CopyFiles */,
			);
			buildRules = (
			);
			dependencies = (
			);
			name = BlackjackMX;
			productName = BlackjackMX;
			productReference = 2BC14F47222B31CA007CC404 /* BlackjackMX */;
			productType = "com.apple.product-type.tool";
		};
/* End PBXNativeTarget section */

/* Begin PBXProject section */
		2BC14F3F222B31CA007CC404 /* Project object */ = {
			isa = PBXProject;
			attributes = {
				LastUpgradeCheck = 1010;
				ORGANIZATIONNAME = Antony999k;
				TargetAttributes = {
					2B6C986122567EFF004D3749 = {
						CreatedOnToolsVersion = 10.1;
					};
					2BC14F46222B31CA007CC404 = {
						CreatedOnToolsVersion = 10.1;
					};
				};
			};
			buildConfigurationList = 2BC14F42222B31CA007CC404 /* Build configuration list for PBXProject "BlackjackMX" */;
			compatibilityVersion = "Xcode 9.3";
			developmentRegion = en;
			hasScannedForEncodings = 0;
			knownRegions = (
				en,
			);
			mainGroup = 2BC14F3E222B31CA007CC404;
			productRefGroup = 2BC14F48222B31CA007CC404 /* Products */;
			projectDirPath = "";
			projectRoot = "";
			targets = (
				2BC14F46222B31CA007CC404 /* BlackjackMX */,
				2B6C986122567EFF004D3749 /* BlackjackMX_Server */,
			);
		};
/* End PBXProject section */

/* Begin PBXSourcesBuildPhase section */
		2B6C985E22567EFF004D3749 /* Sources */ = {
			isa = PBXSourcesBuildPhase;
			buildActionMask = 2147483647;
			files = (
				2B6C986522567EFF004D3749 /* main.cpp in Sources */,
			);
			runOnlyForDeploymentPostprocessing = 0;
		};
		2BC14F43222B31CA007CC404 /* Sources */ = {
			isa = PBXSourcesBuildPhase;
			buildActionMask = 2147483647;
			files = (
				2BC14F80222C62A9007CC404 /* blackjack.cpp in Sources */,
				2BC14F4B222B31CA007CC404 /* main.cpp in Sources */,
				2B675E59222E1A51001EAF18 /* game.cpp in Sources */,
			);
			runOnlyForDeploymentPostprocessing = 0;
		};
/* End PBXSourcesBuildPhase section */

/* Begin XCBuildConfiguration section */
		2B6C986622567EFF004D3749 /* Debug */ = {
			isa = XCBuildConfiguration;
			buildSettings = {
				CODE_SIGN_STYLE = Automatic;
				DEVELOPMENT_TEAM = V38KNGW9K5;
				FRAMEWORK_SEARCH_PATHS = (
					"$(inherited)",
					"$(PROJECT_DIR)/Libraries/SFML/Frameworks",
				);
				LIBRARY_SEARCH_PATHS = (
					"$(inherited)",
					"$(PROJECT_DIR)/Libraries/SFML/lib",
				);
				PRODUCT_NAME = "$(TARGET_NAME)";
			};
			name = Debug;
		};
		2B6C986722567EFF004D3749 /* Release */ = {
			isa = XCBuildConfiguration;
			buildSettings = {
				CODE_SIGN_STYLE = Automatic;
				DEVELOPMENT_TEAM = V38KNGW9K5;
				FRAMEWORK_SEARCH_PATHS = (
					"$(inherited)",
					"$(PROJECT_DIR)/Libraries/SFML/Frameworks",
				);
				LIBRARY_SEARCH_PATHS = (
					"$(inherited)",
					"$(PROJECT_DIR)/Libraries/SFML/lib",
				);
				PRODUCT_NAME = "$(TARGET_NAME)";
			};
			name = Release;
		};
		2BC14F4C222B31CA007CC404 /* Debug */ = {
			isa = XCBuildConfiguration;
			buildSettings = {
				ALWAYS_SEARCH_USER_PATHS = NO;
				CLANG_ANALYZER_NONNULL = YES;
				CLANG_ANALYZER_NUMBER_OBJECT_CONVERSION = YES_AGGRESSIVE;
				CLANG_CXX_LANGUAGE_STANDARD = "gnu++14";
				CLANG_CXX_LIBRARY = "libc++";
				CLANG_ENABLE_MODULES = YES;
				CLANG_ENABLE_OBJC_ARC = YES;
				CLANG_ENABLE_OBJC_WEAK = YES;
				CLANG_WARN_BLOCK_CAPTURE_AUTORELEASING = YES;
				CLANG_WARN_BOOL_CONVERSION = YES;
				CLANG_WARN_COMMA = YES;
				CLANG_WARN_CONSTANT_CONVERSION = YES;
				CLANG_WARN_DEPRECATED_OBJC_IMPLEMENTATIONS = YES;
				CLANG_WARN_DIRECT_OBJC_ISA_USAGE = YES_ERROR;
				CLANG_WARN_DOCUMENTATION_COMMENTS = YES;
				CLANG_WARN_EMPTY_BODY = YES;
				CLANG_WARN_ENUM_CONVERSION = YES;
				CLANG_WARN_INFINITE_RECURSION = YES;
				CLANG_WARN_INT_CONVERSION = YES;
				CLANG_WARN_NON_LITERAL_NULL_CONVERSION = YES;
				CLANG_WARN_OBJC_IMPLICIT_RETAIN_SELF = YES;
				CLANG_WARN_OBJC_LITERAL_CONVERSION = YES;
				CLANG_WARN_OBJC_ROOT_CLASS = YES_ERROR;
				CLANG_WARN_RANGE_LOOP_ANALYSIS = YES;
				CLANG_WARN_STRICT_PROTOTYPES = YES;
				CLANG_WARN_SUSPICIOUS_MOVE = YES;
				CLANG_WARN_UNGUARDED_AVAILABILITY = YES_AGGRESSIVE;
				CLANG_WARN_UNREACHABLE_CODE = YES;
				CLANG_WARN__DUPLICATE_METHOD_MATCH = YES;
				CODE_SIGN_IDENTITY = "Mac Developer";
				COPY_PHASE_STRIP = NO;
				DEBUG_INFORMATION_FORMAT = dwarf;
				ENABLE_STRICT_OBJC_MSGSEND = YES;
				ENABLE_TESTABILITY = YES;
				GCC_C_LANGUAGE_STANDARD = gnu11;
				GCC_DYNAMIC_NO_PIC = NO;
				GCC_NO_COMMON_BLOCKS = YES;
				GCC_OPTIMIZATION_LEVEL = 0;
				GCC_PREPROCESSOR_DEFINITIONS = (
					"DEBUG=1",
					"$(inherited)",
				);
				GCC_WARN_64_TO_32_BIT_CONVERSION = YES;
				GCC_WARN_ABOUT_RETURN_TYPE = YES_ERROR;
				GCC_WARN_UNDECLARED_SELECTOR = YES;
				GCC_WARN_UNINITIALIZED_AUTOS = YES_AGGRESSIVE;
				GCC_WARN_UNUSED_FUNCTION = YES;
				GCC_WARN_UNUSED_VARIABLE = YES;
				MACOSX_DEPLOYMENT_TARGET = 10.13;
				MTL_ENABLE_DEBUG_INFO = INCLUDE_SOURCE;
				MTL_FAST_MATH = YES;
				ONLY_ACTIVE_ARCH = YES;
				SDKROOT = macosx;
			};
			name = Debug;
		};
		2BC14F4D222B31CA007CC404 /* Release */ = {
			isa = XCBuildConfiguration;
			buildSettings = {
				ALWAYS_SEARCH_USER_PATHS = NO;
				CLANG_ANALYZER_NONNULL = YES;
				CLANG_ANALYZER_NUMBER_OBJECT_CONVERSION = YES_AGGRESSIVE;
				CLANG_CXX_LANGUAGE_STANDARD = "gnu++14";
				CLANG_CXX_LIBRARY = "libc++";
				CLANG_ENABLE_MODULES = YES;
				CLANG_ENABLE_OBJC_ARC = YES;
				CLANG_ENABLE_OBJC_WEAK = YES;
				CLANG_WARN_BLOCK_CAPTURE_AUTORELEASING = YES;
				CLANG_WARN_BOOL_CONVERSION = YES;
				CLANG_WARN_COMMA = YES;
				CLANG_WARN_CONSTANT_CONVERSION = YES;
				CLANG_WARN_DEPRECATED_OBJC_IMPLEMENTATIONS = YES;
				CLANG_WARN_DIRECT_OBJC_ISA_USAGE = YES_ERROR;
				CLANG_WARN_DOCUMENTATION_COMMENTS = YES;
				CLANG_WARN_EMPTY_BODY = YES;
				CLANG_WARN_ENUM_CONVERSION = YES;
				CLANG_WARN_INFINITE_RECURSION = YES;
				CLANG_WARN_INT_CONVERSION = YES;
				CLANG_WARN_NON_LITERAL_NULL_CONVERSION = YES;
				CLANG_WARN_OBJC_IMPLICIT_RETAIN_SELF = YES;
				CLANG_WARN_OBJC_LITERAL_CONVERSION = YES;
				CLANG_WARN_OBJC_ROOT_CLASS = YES_ERROR;
				CLANG_WARN_RANGE_LOOP_ANALYSIS = YES;
				CLANG_WARN_STRICT_PROTOTYPES = YES;
				CLANG_WARN_SUSPICIOUS_MOVE = YES;
				CLANG_WARN_UNGUARDED_AVAILABILITY = YES_AGGRESSIVE;
				CLANG_WARN_UNREACHABLE_CODE = YES;
				CLANG_WARN__DUPLICATE_METHOD_MATCH = YES;
				CODE_SIGN_IDENTITY = "Mac Developer";
				COPY_PHASE_STRIP = NO;
				DEBUG_INFORMATION_FORMAT = "dwarf-with-dsym";
				ENABLE_NS_ASSERTIONS = NO;
				ENABLE_STRICT_OBJC_MSGSEND = YES;
				GCC_C_LANGUAGE_STANDARD = gnu11;
				GCC_NO_COMMON_BLOCKS = YES;
				GCC_WARN_64_TO_32_BIT_CONVERSION = YES;
				GCC_WARN_ABOUT_RETURN_TYPE = YES_ERROR;
				GCC_WARN_UNDECLARED_SELECTOR = YES;
				GCC_WARN_UNINITIALIZED_AUTOS = YES_AGGRESSIVE;
				GCC_WARN_UNUSED_FUNCTION = YES;
				GCC_WARN_UNUSED_VARIABLE = YES;
				MACOSX_DEPLOYMENT_TARGET = 10.13;
				MTL_ENABLE_DEBUG_INFO = NO;
				MTL_FAST_MATH = YES;
				SDKROOT = macosx;
			};
			name = Release;
		};
		2BC14F4F222B31CA007CC404 /* Debug */ = {
			isa = XCBuildConfiguration;
			buildSettings = {
				CODE_SIGN_STYLE = Automatic;
				DEVELOPMENT_TEAM = V38KNGW9K5;
				HEADER_SEARCH_PATHS = "$(SRCROOT)/Libraries/SFML/include";
				LIBRARY_SEARCH_PATHS = (
					"$(inherited)",
					"$(PROJECT_DIR)/Libraries/SFML/lib",
				);
				PRODUCT_NAME = "$(TARGET_NAME)";
			};
			name = Debug;
		};
		2BC14F50222B31CA007CC404 /* Release */ = {
			isa = XCBuildConfiguration;
			buildSettings = {
				CODE_SIGN_STYLE = Automatic;
				DEVELOPMENT_TEAM = V38KNGW9K5;
				HEADER_SEARCH_PATHS = "$(SRCROOT)/Libraries/SFML/include";
				LIBRARY_SEARCH_PATHS = (
					"$(inherited)",
					"$(PROJECT_DIR)/Libraries/SFML/lib",
				);
				PRODUCT_NAME = "$(TARGET_NAME)";
			};
			name = Release;
		};
/* End XCBuildConfiguration section */

/* Begin XCConfigurationList section */
		2B6C986822567EFF004D3749 /* Build configuration list for PBXNativeTarget "BlackjackMX_Server" */ = {
			isa = XCConfigurationList;
			buildConfigurations = (
				2B6C986622567EFF004D3749 /* Debug */,
				2B6C986722567EFF004D3749 /* Release */,
			);
			defaultConfigurationIsVisible = 0;
			defaultConfigurationName = Release;
		};
		2BC14F42222B31CA007CC404 /* Build configuration list for PBXProject "BlackjackMX" */ = {
			isa = XCConfigurationList;
			buildConfigurations = (
				2BC14F4C222B31CA007CC404 /* Debug */,
				2BC14F4D222B31CA007CC404 /* Release */,
			);
			defaultConfigurationIsVisible = 0;
			defaultConfigurationName = Release;
		};
		2BC14F4E222B31CA007CC404 /* Build configuration list for PBXNativeTarget "BlackjackMX" */ = {
			isa = XCConfigurationList;
			buildConfigurations = (
				2BC14F4F222B31CA007CC404 /* Debug */,
				2BC14F50222B31CA007CC404 /* Release */,
			);
			defaultConfigurationIsVisible = 0;
			defaultConfigurationName = Release;
		};
/* End XCConfigurationList section */
	};
	rootObject = 2BC14F3F222B31CA007CC404 /* Project object */;
}
